// !$*UTF8*$!
{
	archiveVersion = 1;
	classes = {
	};
	objectVersion = 46;
	objects = {

/* Begin PBXBuildFile section */
		4B8AD0B819E2BADD0089C873 /* fo_video.png in Resources */ = {isa = PBXBuildFile; fileRef = 4B8AD0B619E2BADD0089C873 /* fo_video.png */; };
		4B8AD0B919E2BADD0089C873 /* fo_video@2x.png in Resources */ = {isa = PBXBuildFile; fileRef = 4B8AD0B719E2BADD0089C873 /* fo_video@2x.png */; };
		4BA84F5A1A42E1B60091A39E /* fo_check@3x.png in Resources */ = {isa = PBXBuildFile; fileRef = 4BA84F591A42E1B60091A39E /* fo_check@3x.png */; };
		4BA84F5C1A4301260091A39E /* fo_video@3x.png in Resources */ = {isa = PBXBuildFile; fileRef = 4BA84F5B1A4301260091A39E /* fo_video@3x.png */; };
		4BC68EA019DD7A1300EA45DC /* Foundation.framework in Frameworks */ = {isa = PBXBuildFile; fileRef = 4BC68E9F19DD7A1300EA45DC /* Foundation.framework */; };
		4BC68EA219DD7A1300EA45DC /* CoreGraphics.framework in Frameworks */ = {isa = PBXBuildFile; fileRef = 4BC68EA119DD7A1300EA45DC /* CoreGraphics.framework */; };
		4BC68EA419DD7A1300EA45DC /* UIKit.framework in Frameworks */ = {isa = PBXBuildFile; fileRef = 4BC68EA319DD7A1300EA45DC /* UIKit.framework */; };
		4BC68EAA19DD7A1300EA45DC /* Localizable.strings in Resources */ = {isa = PBXBuildFile; fileRef = 4BC68EA819DD7A1300EA45DC /* Localizable.strings */; };
		4BC68EAC19DD7A1300EA45DC /* main.m in Sources */ = {isa = PBXBuildFile; fileRef = 4BC68EAB19DD7A1300EA45DC /* main.m */; };
		4BC68EB319DD7A1300EA45DC /* Main_iPhone.storyboard in Resources */ = {isa = PBXBuildFile; fileRef = 4BC68EB119DD7A1300EA45DC /* Main_iPhone.storyboard */; };
		4BC68EB619DD7A1300EA45DC /* Main_iPad.storyboard in Resources */ = {isa = PBXBuildFile; fileRef = 4BC68EB419DD7A1300EA45DC /* Main_iPad.storyboard */; };
		4BC68EBB19DD7A1300EA45DC /* Images.xcassets in Resources */ = {isa = PBXBuildFile; fileRef = 4BC68EBA19DD7A1300EA45DC /* Images.xcassets */; };
		4BC68EC219DD7A1300EA45DC /* XCTest.framework in Frameworks */ = {isa = PBXBuildFile; fileRef = 4BC68EC119DD7A1300EA45DC /* XCTest.framework */; };
		4BC68EC319DD7A1300EA45DC /* Foundation.framework in Frameworks */ = {isa = PBXBuildFile; fileRef = 4BC68E9F19DD7A1300EA45DC /* Foundation.framework */; };
		4BC68EC419DD7A1300EA45DC /* UIKit.framework in Frameworks */ = {isa = PBXBuildFile; fileRef = 4BC68EA319DD7A1300EA45DC /* UIKit.framework */; };
		4BC68ECC19DD7A1300EA45DC /* InfoPlist.strings in Resources */ = {isa = PBXBuildFile; fileRef = 4BC68ECA19DD7A1300EA45DC /* InfoPlist.strings */; };
		4BC68ECE19DD7A1300EA45DC /* FOAssetPickerTests.m in Sources */ = {isa = PBXBuildFile; fileRef = 4BC68ECD19DD7A1300EA45DC /* FOAssetPickerTests.m */; };
		4BC68EDA19DD7AB300EA45DC /* FOAssetProxy.m in Sources */ = {isa = PBXBuildFile; fileRef = 4BC68ED919DD7AB300EA45DC /* FOAssetProxy.m */; };
		4BC68EDD19DD7B1F00EA45DC /* FOAssetsManager.m in Sources */ = {isa = PBXBuildFile; fileRef = 4BC68EDC19DD7B1F00EA45DC /* FOAssetsManager.m */; };
		4BC68EE019DD7B8900EA45DC /* FOAssetCell.m in Sources */ = {isa = PBXBuildFile; fileRef = 4BC68EDF19DD7B8900EA45DC /* FOAssetCell.m */; };
		4BC68EEE19DD7CD200EA45DC /* FOAssetCollectionViewController.m in Sources */ = {isa = PBXBuildFile; fileRef = 4BC68EED19DD7CD200EA45DC /* FOAssetCollectionViewController.m */; };
		4BC68EF119DD7E2700EA45DC /* FOAssetPicker.m in Sources */ = {isa = PBXBuildFile; fileRef = 4BC68EF019DD7E2700EA45DC /* FOAssetPicker.m */; };
		4BE6D90D19DD80FF0032A157 /* FOAppDelegate.m in Sources */ = {isa = PBXBuildFile; fileRef = 4BE6D90A19DD80FF0032A157 /* FOAppDelegate.m */; };
		4BE6D90E19DD80FF0032A157 /* FODemoViewController.m in Sources */ = {isa = PBXBuildFile; fileRef = 4BE6D90C19DD80FF0032A157 /* FODemoViewController.m */; };
		4BE6D92019DD81370032A157 /* FOAssetPicker.storyboard in Resources */ = {isa = PBXBuildFile; fileRef = 4BE6D91B19DD81370032A157 /* FOAssetPicker.storyboard */; };
		4BE6D92119DD81370032A157 /* fo_check.png in Resources */ = {isa = PBXBuildFile; fileRef = 4BE6D91C19DD81370032A157 /* fo_check.png */; };
		4BE6D92219DD81370032A157 /* fo_check@2x.png in Resources */ = {isa = PBXBuildFile; fileRef = 4BE6D91D19DD81370032A157 /* fo_check@2x.png */; };
		4BE6D92319DD81370032A157 /* fo_check@2x~ipad.png in Resources */ = {isa = PBXBuildFile; fileRef = 4BE6D91E19DD81370032A157 /* fo_check@2x~ipad.png */; };
		4BE6D92419DD81370032A157 /* fo_check~ipad.png in Resources */ = {isa = PBXBuildFile; fileRef = 4BE6D91F19DD81370032A157 /* fo_check~ipad.png */; };
/* End PBXBuildFile section */

/* Begin PBXContainerItemProxy section */
		4BC68EC519DD7A1300EA45DC /* PBXContainerItemProxy */ = {
			isa = PBXContainerItemProxy;
			containerPortal = 4BC68E9419DD7A1300EA45DC /* Project object */;
			proxyType = 1;
			remoteGlobalIDString = 4BC68E9B19DD7A1300EA45DC;
			remoteInfo = FOAssetPicker;
		};
/* End PBXContainerItemProxy section */

/* Begin PBXFileReference section */
		4B8AD0B619E2BADD0089C873 /* fo_video.png */ = {isa = PBXFileReference; lastKnownFileType = image.png; path = fo_video.png; sourceTree = "<group>"; };
		4B8AD0B719E2BADD0089C873 /* fo_video@2x.png */ = {isa = PBXFileReference; lastKnownFileType = image.png; path = "fo_video@2x.png"; sourceTree = "<group>"; };
		4BA84F591A42E1B60091A39E /* fo_check@3x.png */ = {isa = PBXFileReference; lastKnownFileType = image.png; path = "fo_check@3x.png"; sourceTree = "<group>"; };
		4BA84F5B1A4301260091A39E /* fo_video@3x.png */ = {isa = PBXFileReference; lastKnownFileType = image.png; path = "fo_video@3x.png"; sourceTree = "<group>"; };
		4BC68E9C19DD7A1300EA45DC /* FOAssetPicker.app */ = {isa = PBXFileReference; explicitFileType = wrapper.application; includeInIndex = 0; path = FOAssetPicker.app; sourceTree = BUILT_PRODUCTS_DIR; };
		4BC68E9F19DD7A1300EA45DC /* Foundation.framework */ = {isa = PBXFileReference; lastKnownFileType = wrapper.framework; name = Foundation.framework; path = System/Library/Frameworks/Foundation.framework; sourceTree = SDKROOT; };
		4BC68EA119DD7A1300EA45DC /* CoreGraphics.framework */ = {isa = PBXFileReference; lastKnownFileType = wrapper.framework; name = CoreGraphics.framework; path = System/Library/Frameworks/CoreGraphics.framework; sourceTree = SDKROOT; };
		4BC68EA319DD7A1300EA45DC /* UIKit.framework */ = {isa = PBXFileReference; lastKnownFileType = wrapper.framework; name = UIKit.framework; path = System/Library/Frameworks/UIKit.framework; sourceTree = SDKROOT; };
		4BC68EA719DD7A1300EA45DC /* FOAssetPicker-Info.plist */ = {isa = PBXFileReference; lastKnownFileType = text.plist.xml; path = "FOAssetPicker-Info.plist"; sourceTree = "<group>"; };
		4BC68EA919DD7A1300EA45DC /* en */ = {isa = PBXFileReference; lastKnownFileType = text.plist.strings; name = en; path = en.lproj/Localizable.strings; sourceTree = "<group>"; };
		4BC68EAB19DD7A1300EA45DC /* main.m */ = {isa = PBXFileReference; lastKnownFileType = sourcecode.c.objc; path = main.m; sourceTree = "<group>"; };
		4BC68EAD19DD7A1300EA45DC /* FOAssetPicker-Prefix.pch */ = {isa = PBXFileReference; lastKnownFileType = sourcecode.c.h; path = "FOAssetPicker-Prefix.pch"; sourceTree = "<group>"; };
		4BC68EB219DD7A1300EA45DC /* Base */ = {isa = PBXFileReference; lastKnownFileType = file.storyboard; name = Base; path = Base.lproj/Main_iPhone.storyboard; sourceTree = "<group>"; };
		4BC68EB519DD7A1300EA45DC /* Base */ = {isa = PBXFileReference; lastKnownFileType = file.storyboard; name = Base; path = Base.lproj/Main_iPad.storyboard; sourceTree = "<group>"; };
		4BC68EBA19DD7A1300EA45DC /* Images.xcassets */ = {isa = PBXFileReference; lastKnownFileType = folder.assetcatalog; name = Images.xcassets; path = ../Images.xcassets; sourceTree = "<group>"; };
		4BC68EC019DD7A1300EA45DC /* FOAssetPickerTests.xctest */ = {isa = PBXFileReference; explicitFileType = wrapper.cfbundle; includeInIndex = 0; path = FOAssetPickerTests.xctest; sourceTree = BUILT_PRODUCTS_DIR; };
		4BC68EC119DD7A1300EA45DC /* XCTest.framework */ = {isa = PBXFileReference; lastKnownFileType = wrapper.framework; name = XCTest.framework; path = Library/Frameworks/XCTest.framework; sourceTree = DEVELOPER_DIR; };
		4BC68EC919DD7A1300EA45DC /* FOAssetPickerTests-Info.plist */ = {isa = PBXFileReference; lastKnownFileType = text.plist.xml; path = "FOAssetPickerTests-Info.plist"; sourceTree = "<group>"; };
		4BC68ECB19DD7A1300EA45DC /* en */ = {isa = PBXFileReference; lastKnownFileType = text.plist.strings; name = en; path = en.lproj/InfoPlist.strings; sourceTree = "<group>"; };
		4BC68ECD19DD7A1300EA45DC /* FOAssetPickerTests.m */ = {isa = PBXFileReference; lastKnownFileType = sourcecode.c.objc; path = FOAssetPickerTests.m; sourceTree = "<group>"; };
		4BC68ED819DD7AB300EA45DC /* FOAssetProxy.h */ = {isa = PBXFileReference; fileEncoding = 4; lastKnownFileType = sourcecode.c.h; path = FOAssetProxy.h; sourceTree = "<group>"; };
		4BC68ED919DD7AB300EA45DC /* FOAssetProxy.m */ = {isa = PBXFileReference; fileEncoding = 4; lastKnownFileType = sourcecode.c.objc; path = FOAssetProxy.m; sourceTree = "<group>"; };
		4BC68EDB19DD7B1F00EA45DC /* FOAssetsManager.h */ = {isa = PBXFileReference; fileEncoding = 4; lastKnownFileType = sourcecode.c.h; path = FOAssetsManager.h; sourceTree = "<group>"; };
		4BC68EDC19DD7B1F00EA45DC /* FOAssetsManager.m */ = {isa = PBXFileReference; fileEncoding = 4; lastKnownFileType = sourcecode.c.objc; path = FOAssetsManager.m; sourceTree = "<group>"; };
		4BC68EDE19DD7B8900EA45DC /* FOAssetCell.h */ = {isa = PBXFileReference; fileEncoding = 4; lastKnownFileType = sourcecode.c.h; path = FOAssetCell.h; sourceTree = "<group>"; };
		4BC68EDF19DD7B8900EA45DC /* FOAssetCell.m */ = {isa = PBXFileReference; fileEncoding = 4; lastKnownFileType = sourcecode.c.objc; path = FOAssetCell.m; sourceTree = "<group>"; };
		4BC68EEC19DD7CD200EA45DC /* FOAssetCollectionViewController.h */ = {isa = PBXFileReference; fileEncoding = 4; lastKnownFileType = sourcecode.c.h; path = FOAssetCollectionViewController.h; sourceTree = "<group>"; };
		4BC68EED19DD7CD200EA45DC /* FOAssetCollectionViewController.m */ = {isa = PBXFileReference; fileEncoding = 4; lastKnownFileType = sourcecode.c.objc; path = FOAssetCollectionViewController.m; sourceTree = "<group>"; };
		4BC68EEF19DD7E2700EA45DC /* FOAssetPicker.h */ = {isa = PBXFileReference; fileEncoding = 4; lastKnownFileType = sourcecode.c.h; path = FOAssetPicker.h; sourceTree = "<group>"; };
		4BC68EF019DD7E2700EA45DC /* FOAssetPicker.m */ = {isa = PBXFileReference; fileEncoding = 4; lastKnownFileType = sourcecode.c.objc; path = FOAssetPicker.m; sourceTree = "<group>"; };
		4BE6D90019DD809F0032A157 /* de */ = {isa = PBXFileReference; lastKnownFileType = text.plist.strings; name = de; path = de.lproj/Localizable.strings; sourceTree = "<group>"; };
		4BE6D90919DD80FF0032A157 /* FOAppDelegate.h */ = {isa = PBXFileReference; fileEncoding = 4; lastKnownFileType = sourcecode.c.h; path = FOAppDelegate.h; sourceTree = "<group>"; };
		4BE6D90A19DD80FF0032A157 /* FOAppDelegate.m */ = {isa = PBXFileReference; fileEncoding = 4; lastKnownFileType = sourcecode.c.objc; path = FOAppDelegate.m; sourceTree = "<group>"; };
		4BE6D90B19DD80FF0032A157 /* FODemoViewController.h */ = {isa = PBXFileReference; fileEncoding = 4; lastKnownFileType = sourcecode.c.h; path = FODemoViewController.h; sourceTree = "<group>"; };
		4BE6D90C19DD80FF0032A157 /* FODemoViewController.m */ = {isa = PBXFileReference; fileEncoding = 4; lastKnownFileType = sourcecode.c.objc; path = FODemoViewController.m; sourceTree = "<group>"; };
		4BE6D91B19DD81370032A157 /* FOAssetPicker.storyboard */ = {isa = PBXFileReference; fileEncoding = 4; lastKnownFileType = file.storyboard; path = FOAssetPicker.storyboard; sourceTree = "<group>"; };
		4BE6D91C19DD81370032A157 /* fo_check.png */ = {isa = PBXFileReference; lastKnownFileType = image.png; path = fo_check.png; sourceTree = "<group>"; };
		4BE6D91D19DD81370032A157 /* fo_check@2x.png */ = {isa = PBXFileReference; lastKnownFileType = image.png; path = "fo_check@2x.png"; sourceTree = "<group>"; };
		4BE6D91E19DD81370032A157 /* fo_check@2x~ipad.png */ = {isa = PBXFileReference; lastKnownFileType = image.png; path = "fo_check@2x~ipad.png"; sourceTree = "<group>"; };
		4BE6D91F19DD81370032A157 /* fo_check~ipad.png */ = {isa = PBXFileReference; lastKnownFileType = image.png; path = "fo_check~ipad.png"; sourceTree = "<group>"; };
/* End PBXFileReference section */

/* Begin PBXFrameworksBuildPhase section */
		4BC68E9919DD7A1300EA45DC /* Frameworks */ = {
			isa = PBXFrameworksBuildPhase;
			buildActionMask = 2147483647;
			files = (
				4BC68EA219DD7A1300EA45DC /* CoreGraphics.framework in Frameworks */,
				4BC68EA419DD7A1300EA45DC /* UIKit.framework in Frameworks */,
				4BC68EA019DD7A1300EA45DC /* Foundation.framework in Frameworks */,
			);
			runOnlyForDeploymentPostprocessing = 0;
		};
		4BC68EBD19DD7A1300EA45DC /* Frameworks */ = {
			isa = PBXFrameworksBuildPhase;
			buildActionMask = 2147483647;
			files = (
				4BC68EC219DD7A1300EA45DC /* XCTest.framework in Frameworks */,
				4BC68EC419DD7A1300EA45DC /* UIKit.framework in Frameworks */,
				4BC68EC319DD7A1300EA45DC /* Foundation.framework in Frameworks */,
			);
			runOnlyForDeploymentPostprocessing = 0;
		};
/* End PBXFrameworksBuildPhase section */

/* Begin PBXGroup section */
		4BC68E9319DD7A1300EA45DC = {
			isa = PBXGroup;
			children = (
				4BC68EA519DD7A1300EA45DC /* FOAssetPicker */,
				4BC68EC719DD7A1300EA45DC /* FOAssetPickerTests */,
				4BC68E9E19DD7A1300EA45DC /* Frameworks */,
				4BC68E9D19DD7A1300EA45DC /* Products */,
			);
			sourceTree = "<group>";
		};
		4BC68E9D19DD7A1300EA45DC /* Products */ = {
			isa = PBXGroup;
			children = (
				4BC68E9C19DD7A1300EA45DC /* FOAssetPicker.app */,
				4BC68EC019DD7A1300EA45DC /* FOAssetPickerTests.xctest */,
			);
			name = Products;
			sourceTree = "<group>";
		};
		4BC68E9E19DD7A1300EA45DC /* Frameworks */ = {
			isa = PBXGroup;
			children = (
				4BC68E9F19DD7A1300EA45DC /* Foundation.framework */,
				4BC68EA119DD7A1300EA45DC /* CoreGraphics.framework */,
				4BC68EA319DD7A1300EA45DC /* UIKit.framework */,
				4BC68EC119DD7A1300EA45DC /* XCTest.framework */,
			);
			name = Frameworks;
			sourceTree = "<group>";
		};
		4BC68EA519DD7A1300EA45DC /* FOAssetPicker */ = {
			isa = PBXGroup;
			children = (
				4BE6D90819DD80FF0032A157 /* Demo */,
				4BC68ED719DD7AA300EA45DC /* API */,
				4BC68EA619DD7A1300EA45DC /* Supporting Files */,
			);
			path = FOAssetPicker;
			sourceTree = "<group>";
		};
		4BC68EA619DD7A1300EA45DC /* Supporting Files */ = {
			isa = PBXGroup;
			children = (
				4BC68EA719DD7A1300EA45DC /* FOAssetPicker-Info.plist */,
				4BC68EA819DD7A1300EA45DC /* Localizable.strings */,
				4BC68EAB19DD7A1300EA45DC /* main.m */,
				4BC68EAD19DD7A1300EA45DC /* FOAssetPicker-Prefix.pch */,
			);
			name = "Supporting Files";
			sourceTree = "<group>";
		};
		4BC68EC719DD7A1300EA45DC /* FOAssetPickerTests */ = {
			isa = PBXGroup;
			children = (
				4BC68ECD19DD7A1300EA45DC /* FOAssetPickerTests.m */,
				4BC68EC819DD7A1300EA45DC /* Supporting Files */,
			);
			path = FOAssetPickerTests;
			sourceTree = "<group>";
		};
		4BC68EC819DD7A1300EA45DC /* Supporting Files */ = {
			isa = PBXGroup;
			children = (
				4BC68EC919DD7A1300EA45DC /* FOAssetPickerTests-Info.plist */,
				4BC68ECA19DD7A1300EA45DC /* InfoPlist.strings */,
			);
			name = "Supporting Files";
			sourceTree = "<group>";
		};
		4BC68ED719DD7AA300EA45DC /* API */ = {
			isa = PBXGroup;
			children = (
				4BE6D91A19DD81370032A157 /* Assets */,
				4BC68ED819DD7AB300EA45DC /* FOAssetProxy.h */,
				4BC68ED919DD7AB300EA45DC /* FOAssetProxy.m */,
				4BC68EDB19DD7B1F00EA45DC /* FOAssetsManager.h */,
				4BC68EDC19DD7B1F00EA45DC /* FOAssetsManager.m */,
				4BC68EDE19DD7B8900EA45DC /* FOAssetCell.h */,
				4BC68EDF19DD7B8900EA45DC /* FOAssetCell.m */,
				4BC68EEC19DD7CD200EA45DC /* FOAssetCollectionViewController.h */,
				4BC68EED19DD7CD200EA45DC /* FOAssetCollectionViewController.m */,
				4BC68EEF19DD7E2700EA45DC /* FOAssetPicker.h */,
				4BC68EF019DD7E2700EA45DC /* FOAssetPicker.m */,
			);
			path = API;
			sourceTree = "<group>";
		};
		4BE6D90819DD80FF0032A157 /* Demo */ = {
			isa = PBXGroup;
			children = (
				4BC68EB119DD7A1300EA45DC /* Main_iPhone.storyboard */,
				4BC68EB419DD7A1300EA45DC /* Main_iPad.storyboard */,
				4BC68EBA19DD7A1300EA45DC /* Images.xcassets */,
				4BE6D90919DD80FF0032A157 /* FOAppDelegate.h */,
				4BE6D90A19DD80FF0032A157 /* FOAppDelegate.m */,
				4BE6D90B19DD80FF0032A157 /* FODemoViewController.h */,
				4BE6D90C19DD80FF0032A157 /* FODemoViewController.m */,
			);
			path = Demo;
			sourceTree = "<group>";
		};
		4BE6D91A19DD81370032A157 /* Assets */ = {
			isa = PBXGroup;
			children = (
				4BE6D91B19DD81370032A157 /* FOAssetPicker.storyboard */,
				4B8AD0B619E2BADD0089C873 /* fo_video.png */,
				4B8AD0B719E2BADD0089C873 /* fo_video@2x.png */,
				4BA84F5B1A4301260091A39E /* fo_video@3x.png */,
				4BE6D91C19DD81370032A157 /* fo_check.png */,
				4BE6D91D19DD81370032A157 /* fo_check@2x.png */,
				4BA84F591A42E1B60091A39E /* fo_check@3x.png */,
				4BE6D91E19DD81370032A157 /* fo_check@2x~ipad.png */,
				4BE6D91F19DD81370032A157 /* fo_check~ipad.png */,
			);
			path = Assets;
			sourceTree = "<group>";
		};
/* End PBXGroup section */

/* Begin PBXNativeTarget section */
		4BC68E9B19DD7A1300EA45DC /* FOAssetPicker */ = {
			isa = PBXNativeTarget;
			buildConfigurationList = 4BC68ED119DD7A1300EA45DC /* Build configuration list for PBXNativeTarget "FOAssetPicker" */;
			buildPhases = (
				4BC68E9819DD7A1300EA45DC /* Sources */,
				4BC68E9919DD7A1300EA45DC /* Frameworks */,
				4BC68E9A19DD7A1300EA45DC /* Resources */,
			);
			buildRules = (
			);
			dependencies = (
			);
			name = FOAssetPicker;
			productName = FOAssetPicker;
			productReference = 4BC68E9C19DD7A1300EA45DC /* FOAssetPicker.app */;
			productType = "com.apple.product-type.application";
		};
		4BC68EBF19DD7A1300EA45DC /* FOAssetPickerTests */ = {
			isa = PBXNativeTarget;
			buildConfigurationList = 4BC68ED419DD7A1300EA45DC /* Build configuration list for PBXNativeTarget "FOAssetPickerTests" */;
			buildPhases = (
				4BC68EBC19DD7A1300EA45DC /* Sources */,
				4BC68EBD19DD7A1300EA45DC /* Frameworks */,
				4BC68EBE19DD7A1300EA45DC /* Resources */,
			);
			buildRules = (
			);
			dependencies = (
				4BC68EC619DD7A1300EA45DC /* PBXTargetDependency */,
			);
			name = FOAssetPickerTests;
			productName = FOAssetPickerTests;
			productReference = 4BC68EC019DD7A1300EA45DC /* FOAssetPickerTests.xctest */;
			productType = "com.apple.product-type.bundle.unit-test";
		};
/* End PBXNativeTarget section */

/* Begin PBXProject section */
		4BC68E9419DD7A1300EA45DC /* Project object */ = {
			isa = PBXProject;
			attributes = {
				CLASSPREFIX = FO;
				LastUpgradeCheck = 0510;
				ORGANIZATIONNAME = fobytes.com;
				TargetAttributes = {
					4BC68EBF19DD7A1300EA45DC = {
						TestTargetID = 4BC68E9B19DD7A1300EA45DC;
					};
				};
			};
			buildConfigurationList = 4BC68E9719DD7A1300EA45DC /* Build configuration list for PBXProject "FOAssetPicker" */;
			compatibilityVersion = "Xcode 3.2";
			developmentRegion = English;
			hasScannedForEncodings = 0;
			knownRegions = (
				en,
				Base,
				de,
			);
			mainGroup = 4BC68E9319DD7A1300EA45DC;
			productRefGroup = 4BC68E9D19DD7A1300EA45DC /* Products */;
			projectDirPath = "";
			projectRoot = "";
			targets = (
				4BC68E9B19DD7A1300EA45DC /* FOAssetPicker */,
				4BC68EBF19DD7A1300EA45DC /* FOAssetPickerTests */,
			);
		};
/* End PBXProject section */

/* Begin PBXResourcesBuildPhase section */
		4BC68E9A19DD7A1300EA45DC /* Resources */ = {
			isa = PBXResourcesBuildPhase;
			buildActionMask = 2147483647;
			files = (
				4BE6D92419DD81370032A157 /* fo_check~ipad.png in Resources */,
				4BC68EB619DD7A1300EA45DC /* Main_iPad.storyboard in Resources */,
				4BC68EBB19DD7A1300EA45DC /* Images.xcassets in Resources */,
				4BE6D92219DD81370032A157 /* fo_check@2x.png in Resources */,
				4BE6D92319DD81370032A157 /* fo_check@2x~ipad.png in Resources */,
				4BC68EB319DD7A1300EA45DC /* Main_iPhone.storyboard in Resources */,
				4BC68EAA19DD7A1300EA45DC /* Localizable.strings in Resources */,
				4B8AD0B819E2BADD0089C873 /* fo_video.png in Resources */,
				4B8AD0B919E2BADD0089C873 /* fo_video@2x.png in Resources */,
				4BE6D92019DD81370032A157 /* FOAssetPicker.storyboard in Resources */,
				4BA84F5C1A4301260091A39E /* fo_video@3x.png in Resources */,
				4BE6D92119DD81370032A157 /* fo_check.png in Resources */,
				4BA84F5A1A42E1B60091A39E /* fo_check@3x.png in Resources */,
			);
			runOnlyForDeploymentPostprocessing = 0;
		};
		4BC68EBE19DD7A1300EA45DC /* Resources */ = {
			isa = PBXResourcesBuildPhase;
			buildActionMask = 2147483647;
			files = (
				4BC68ECC19DD7A1300EA45DC /* InfoPlist.strings in Resources */,
			);
			runOnlyForDeploymentPostprocessing = 0;
		};
/* End PBXResourcesBuildPhase section */

/* Begin PBXSourcesBuildPhase section */
		4BC68E9819DD7A1300EA45DC /* Sources */ = {
			isa = PBXSourcesBuildPhase;
			buildActionMask = 2147483647;
			files = (
				4BC68EDA19DD7AB300EA45DC /* FOAssetProxy.m in Sources */,
				4BE6D90E19DD80FF0032A157 /* FODemoViewController.m in Sources */,
				4BC68EAC19DD7A1300EA45DC /* main.m in Sources */,
				4BC68EDD19DD7B1F00EA45DC /* FOAssetsManager.m in Sources */,
				4BE6D90D19DD80FF0032A157 /* FOAppDelegate.m in Sources */,
				4BC68EF119DD7E2700EA45DC /* FOAssetPicker.m in Sources */,
				4BC68EEE19DD7CD200EA45DC /* FOAssetCollectionViewController.m in Sources */,
				4BC68EE019DD7B8900EA45DC /* FOAssetCell.m in Sources */,
			);
			runOnlyForDeploymentPostprocessing = 0;
		};
		4BC68EBC19DD7A1300EA45DC /* Sources */ = {
			isa = PBXSourcesBuildPhase;
			buildActionMask = 2147483647;
			files = (
				4BC68ECE19DD7A1300EA45DC /* FOAssetPickerTests.m in Sources */,
			);
			runOnlyForDeploymentPostprocessing = 0;
		};
/* End PBXSourcesBuildPhase section */

/* Begin PBXTargetDependency section */
		4BC68EC619DD7A1300EA45DC /* PBXTargetDependency */ = {
			isa = PBXTargetDependency;
			target = 4BC68E9B19DD7A1300EA45DC /* FOAssetPicker */;
			targetProxy = 4BC68EC519DD7A1300EA45DC /* PBXContainerItemProxy */;
		};
/* End PBXTargetDependency section */

/* Begin PBXVariantGroup section */
		4BC68EA819DD7A1300EA45DC /* Localizable.strings */ = {
			isa = PBXVariantGroup;
			children = (
				4BC68EA919DD7A1300EA45DC /* en */,
				4BE6D90019DD809F0032A157 /* de */,
			);
			name = Localizable.strings;
			sourceTree = "<group>";
		};
		4BC68EB119DD7A1300EA45DC /* Main_iPhone.storyboard */ = {
			isa = PBXVariantGroup;
			children = (
				4BC68EB219DD7A1300EA45DC /* Base */,
			);
			name = Main_iPhone.storyboard;
			path = ..;
			sourceTree = "<group>";
		};
		4BC68EB419DD7A1300EA45DC /* Main_iPad.storyboard */ = {
			isa = PBXVariantGroup;
			children = (
				4BC68EB519DD7A1300EA45DC /* Base */,
			);
			name = Main_iPad.storyboard;
			path = ..;
			sourceTree = "<group>";
		};
		4BC68ECA19DD7A1300EA45DC /* InfoPlist.strings */ = {
			isa = PBXVariantGroup;
			children = (
				4BC68ECB19DD7A1300EA45DC /* en */,
			);
			name = InfoPlist.strings;
			sourceTree = "<group>";
		};
/* End PBXVariantGroup section */

/* Begin XCBuildConfiguration section */
		4BC68ECF19DD7A1300EA45DC /* Debug */ = {
			isa = XCBuildConfiguration;
			buildSettings = {
				ALWAYS_SEARCH_USER_PATHS = NO;
				CLANG_CXX_LANGUAGE_STANDARD = "gnu++0x";
				CLANG_CXX_LIBRARY = "libc++";
				CLANG_ENABLE_MODULES = YES;
				CLANG_ENABLE_OBJC_ARC = YES;
				CLANG_WARN_BOOL_CONVERSION = YES;
				CLANG_WARN_CONSTANT_CONVERSION = YES;
				CLANG_WARN_DIRECT_OBJC_ISA_USAGE = YES_ERROR;
				CLANG_WARN_EMPTY_BODY = YES;
				CLANG_WARN_ENUM_CONVERSION = YES;
				CLANG_WARN_INT_CONVERSION = YES;
				CLANG_WARN_OBJC_ROOT_CLASS = YES_ERROR;
				CLANG_WARN__DUPLICATE_METHOD_MATCH = YES;
				"CODE_SIGN_IDENTITY[sdk=iphoneos*]" = "iPhone Developer";
				COPY_PHASE_STRIP = NO;
				GCC_C_LANGUAGE_STANDARD = gnu99;
				GCC_DYNAMIC_NO_PIC = NO;
				GCC_OPTIMIZATION_LEVEL = 0;
				GCC_PREPROCESSOR_DEFINITIONS = (
					"DEBUG=1",
					"$(inherited)",
				);
				GCC_SYMBOLS_PRIVATE_EXTERN = NO;
				GCC_WARN_64_TO_32_BIT_CONVERSION = YES;
				GCC_WARN_ABOUT_RETURN_TYPE = YES_ERROR;
				GCC_WARN_UNDECLARED_SELECTOR = YES;
				GCC_WARN_UNINITIALIZED_AUTOS = YES_AGGRESSIVE;
				GCC_WARN_UNUSED_FUNCTION = YES;
				GCC_WARN_UNUSED_VARIABLE = YES;
				IPHONEOS_DEPLOYMENT_TARGET = 7.1;
				ONLY_ACTIVE_ARCH = YES;
				SDKROOT = iphoneos;
				TARGETED_DEVICE_FAMILY = "1,2";
			};
			name = Debug;
		};
		4BC68ED019DD7A1300EA45DC /* Release */ = {
			isa = XCBuildConfiguration;
			buildSettings = {
				ALWAYS_SEARCH_USER_PATHS = NO;
				CLANG_CXX_LANGUAGE_STANDARD = "gnu++0x";
				CLANG_CXX_LIBRARY = "libc++";
				CLANG_ENABLE_MODULES = YES;
				CLANG_ENABLE_OBJC_ARC = YES;
				CLANG_WARN_BOOL_CONVERSION = YES;
				CLANG_WARN_CONSTANT_CONVERSION = YES;
				CLANG_WARN_DIRECT_OBJC_ISA_USAGE = YES_ERROR;
				CLANG_WARN_EMPTY_BODY = YES;
				CLANG_WARN_ENUM_CONVERSION = YES;
				CLANG_WARN_INT_CONVERSION = YES;
				CLANG_WARN_OBJC_ROOT_CLASS = YES_ERROR;
				CLANG_WARN__DUPLICATE_METHOD_MATCH = YES;
				"CODE_SIGN_IDENTITY[sdk=iphoneos*]" = "iPhone Developer";
				COPY_PHASE_STRIP = YES;
				ENABLE_NS_ASSERTIONS = NO;
				GCC_C_LANGUAGE_STANDARD = gnu99;
				GCC_WARN_64_TO_32_BIT_CONVERSION = YES;
				GCC_WARN_ABOUT_RETURN_TYPE = YES_ERROR;
				GCC_WARN_UNDECLARED_SELECTOR = YES;
				GCC_WARN_UNINITIALIZED_AUTOS = YES_AGGRESSIVE;
				GCC_WARN_UNUSED_FUNCTION = YES;
				GCC_WARN_UNUSED_VARIABLE = YES;
				IPHONEOS_DEPLOYMENT_TARGET = 7.1;
				SDKROOT = iphoneos;
				TARGETED_DEVICE_FAMILY = "1,2";
				VALIDATE_PRODUCT = YES;
			};
			name = Release;
		};
		4BC68ED219DD7A1300EA45DC /* Debug */ = {
			isa = XCBuildConfiguration;
			buildSettings = {
				ASSETCATALOG_COMPILER_APPICON_NAME = AppIcon;
				ASSETCATALOG_COMPILER_LAUNCHIMAGE_NAME = LaunchImage;
				GCC_PRECOMPILE_PREFIX_HEADER = YES;
				GCC_PREFIX_HEADER = "FOAssetPicker/FOAssetPicker-Prefix.pch";
				INFOPLIST_FILE = "FOAssetPicker/FOAssetPicker-Info.plist";
				PRODUCT_NAME = "$(TARGET_NAME)";
				WRAPPER_EXTENSION = app;
			};
			name = Debug;
		};
		4BC68ED319DD7A1300EA45DC /* Release */ = {
			isa = XCBuildConfiguration;
			buildSettings = {
				ASSETCATALOG_COMPILER_APPICON_NAME = AppIcon;
				ASSETCATALOG_COMPILER_LAUNCHIMAGE_NAME = LaunchImage;
				GCC_PRECOMPILE_PREFIX_HEADER = YES;
				GCC_PREFIX_HEADER = "FOAssetPicker/FOAssetPicker-Prefix.pch";
				INFOPLIST_FILE = "FOAssetPicker/FOAssetPicker-Info.plist";
				PRODUCT_NAME = "$(TARGET_NAME)";
				WRAPPER_EXTENSION = app;
			};
			name = Release;
		};
		4BC68ED519DD7A1300EA45DC /* Debug */ = {
			isa = XCBuildConfiguration;
			buildSettings = {
				BUNDLE_LOADER = "$(BUILT_PRODUCTS_DIR)/FOAssetPicker.app/FOAssetPicker";
				FRAMEWORK_SEARCH_PATHS = (
					"$(SDKROOT)/Developer/Library/Frameworks",
					"$(inherited)",
					"$(DEVELOPER_FRAMEWORKS_DIR)",
				);
				GCC_PRECOMPILE_PREFIX_HEADER = YES;
				GCC_PREFIX_HEADER = "FOAssetPicker/FOAssetPicker-Prefix.pch";
				GCC_PREPROCESSOR_DEFINITIONS = (
					"DEBUG=1",
					"$(inherited)",
				);
				INFOPLIST_FILE = "FOAssetPickerTests/FOAssetPickerTests-Info.plist";
				PRODUCT_NAME = "$(TARGET_NAME)";
				TEST_HOST = "$(BUNDLE_LOADER)";
				WRAPPER_EXTENSION = xctest;
			};
			name = Debug;
		};
		4BC68ED619DD7A1300EA45DC /* Release */ = {
			isa = XCBuildConfiguration;
			buildSettings = {
				BUNDLE_LOADER = "$(BUILT_PRODUCTS_DIR)/FOAssetPicker.app/FOAssetPicker";
				FRAMEWORK_SEARCH_PATHS = (
					"$(SDKROOT)/Developer/Library/Frameworks",
					"$(inherited)",
					"$(DEVELOPER_FRAMEWORKS_DIR)",
				);
				GCC_PRECOMPILE_PREFIX_HEADER = YES;
				GCC_PREFIX_HEADER = "FOAssetPicker/FOAssetPicker-Prefix.pch";
				INFOPLIST_FILE = "FOAssetPickerTests/FOAssetPickerTests-Info.plist";
				PRODUCT_NAME = "$(TARGET_NAME)";
				TEST_HOST = "$(BUNDLE_LOADER)";
				WRAPPER_EXTENSION = xctest;
			};
			name = Release;
		};
/* End XCBuildConfiguration section */

/* Begin XCConfigurationList section */
		4BC68E9719DD7A1300EA45DC /* Build configuration list for PBXProject "FOAssetPicker" */ = {
			isa = XCConfigurationList;
			buildConfigurations = (
				4BC68ECF19DD7A1300EA45DC /* Debug */,
				4BC68ED019DD7A1300EA45DC /* Release */,
			);
			defaultConfigurationIsVisible = 0;
			defaultConfigurationName = Release;
		};
		4BC68ED119DD7A1300EA45DC /* Build configuration list for PBXNativeTarget "FOAssetPicker" */ = {
			isa = XCConfigurationList;
			buildConfigurations = (
				4BC68ED219DD7A1300EA45DC /* Debug */,
				4BC68ED319DD7A1300EA45DC /* Release */,
			);
			defaultConfigurationIsVisible = 0;
			defaultConfigurationName = Release;
		};
		4BC68ED419DD7A1300EA45DC /* Build configuration list for PBXNativeTarget "FOAssetPickerTests" */ = {
			isa = XCConfigurationList;
			buildConfigurations = (
				4BC68ED519DD7A1300EA45DC /* Debug */,
				4BC68ED619DD7A1300EA45DC /* Release */,
			);
			defaultConfigurationIsVisible = 0;
			defaultConfigurationName = Release;
		};
/* End XCConfigurationList section */
	};
	rootObject = 4BC68E9419DD7A1300EA45DC /* Project object */;
}
